// !$*UTF8*$!
{
	archiveVersion = 1;
	classes = {
	};
	objectVersion = 77;
	objects = {

/* Begin PBXBuildFile section */
		AA11000000000000000000A3 /* Highlighter in Frameworks */ = {isa = PBXBuildFile; productRef = AA11000000000000000000A2 /* Highlighter */; };
		C74B68A12D50F95800FCDEBA /* Ignore in Frameworks */ = {isa = PBXBuildFile; productRef = C74B68A02D50F95800FCDEBA /* Ignore */; };
		C7605CC82F77D87C0087B195 /* SnagCLI in Copy CLI */ = {isa = PBXBuildFile; fileRef = C7605CC02F77D81A0087B195 /* SnagCLI */; settings = {ATTRIBUTES = (CodeSignOnCopy, ); }; };
		C7605CD02F77E0000087B195 /* ArgumentParser in Frameworks */ = {isa = PBXBuildFile; productRef = C7605CCF2F77E0000087B195 /* ArgumentParser */; };
		C76172292D50F5D000D78B4F /* Lowtech in Frameworks */ = {isa = PBXBuildFile; productRef = C76172282D50F5D000D78B4F /* Lowtech */; };
		C761722B2D50F5D000D78B4F /* LowtechIndie in Frameworks */ = {isa = PBXBuildFile; productRef = C761722A2D50F5D000D78B4F /* LowtechIndie */; };
		C7C2CDD32FDFE0B6005EC019 /* KeyboardShortcuts in Frameworks */ = {isa = PBXBuildFile; productRef = C7C2CDD22FDFE0B6005EC019 /* KeyboardShortcuts */; };
		C7FE59F12D635D1500141592 /* ClopSDK in Frameworks */ = {isa = PBXBuildFile; productRef = C7FE59F02D635D1500141592 /* ClopSDK */; };
/* End PBXBuildFile section */

/* Begin PBXCopyFilesBuildPhase section */
		C7605CBE2F77D81A0087B195 /* CopyFiles */ = {
			isa = PBXCopyFilesBuildPhase;
			buildActionMask = 2147483647;
			dstPath = /usr/share/man/man1/;
			dstSubfolderSpec = 0;
			files = (
			);
			runOnlyForDeploymentPostprocessing = 1;
		};
		C7605CC72F77D86C0087B195 /* Copy CLI */ = {
			isa = PBXCopyFilesBuildPhase;
			buildActionMask = 2147483647;
			dstPath = "";
			dstSubfolderSpec = 12;
			files = (
				C7605CC82F77D87C0087B195 /* SnagCLI in Copy CLI */,
			);
			name = "Copy CLI";
			runOnlyForDeploymentPostprocessing = 0;
		};
/* End PBXCopyFilesBuildPhase section */

/* Begin PBXFileReference section */
		C7605CC02F77D81A0087B195 /* SnagCLI */ = {isa = PBXFileReference; explicitFileType = "compiled.mach-o.executable"; includeInIndex = 0; path = SnagCLI; sourceTree = BUILT_PRODUCTS_DIR; };
		C76172132D50E43600D78B4F /* Snag.app */ = {isa = PBXFileReference; explicitFileType = wrapper.application; includeInIndex = 0; path = Snag.app; sourceTree = BUILT_PRODUCTS_DIR; };
/* End PBXFileReference section */

/* Begin PBXFileSystemSynchronizedBuildFileExceptionSet section */
		C74B68F32D51710500FCDEBA /* Exceptions for "Snag" folder in "Snag" target */ = {
			isa = PBXFileSystemSynchronizedBuildFileExceptionSet;
			membershipExceptions = (
				Info.plist,
				tags,
			);
			target = C76172122D50E43600D78B4F /* Snag */;
		};
/* End PBXFileSystemSynchronizedBuildFileExceptionSet section */

/* Begin PBXFileSystemSynchronizedRootGroup section */
		C7605CC12F77D81A0087B195 /* SnagCLI */ = {
			isa = PBXFileSystemSynchronizedRootGroup;
			path = SnagCLI;
			sourceTree = "<group>";
		};
		C76172152D50E43600D78B4F /* Snag */ = {
			isa = PBXFileSystemSynchronizedRootGroup;
			exceptions = (
				C74B68F32D51710500FCDEBA /* Exceptions for "Snag" folder in "Snag" target */,
			);
			path = Snag;
			sourceTree = "<group>";
		};
		C7AA00010000000000000001 /* Shared */ = {
			isa = PBXFileSystemSynchronizedRootGroup;
			path = Shared;
			sourceTree = "<group>";
		};
/* End PBXFileSystemSynchronizedRootGroup section */

/* Begin PBXFrameworksBuildPhase section */
		C7605CBD2F77D81A0087B195 /* Frameworks */ = {
			isa = PBXFrameworksBuildPhase;
			buildActionMask = 2147483647;
			files = (
				C7605CD02F77E0000087B195 /* ArgumentParser in Frameworks */,
			);
			runOnlyForDeploymentPostprocessing = 0;
		};
		C76172102D50E43600D78B4F /* Frameworks */ = {
			isa = PBXFrameworksBuildPhase;
			buildActionMask = 2147483647;
			files = (
				C74B68A12D50F95800FCDEBA /* Ignore in Frameworks */,
				C7C2CDD32FDFE0B6005EC019 /* KeyboardShortcuts in Frameworks */,
				C76172292D50F5D000D78B4F /* Lowtech in Frameworks */,
				C7FE59F12D635D1500141592 /* ClopSDK in Frameworks */,
				C761722B2D50F5D000D78B4F /* LowtechIndie in Frameworks */,
				AA11000000000000000000A3 /* Highlighter in Frameworks */,
			);
			runOnlyForDeploymentPostprocessing = 0;
		};
/* End PBXFrameworksBuildPhase section */

/* Begin PBXGroup section */
		C74B689F2D50F95800FCDEBA /* Frameworks */ = {
			isa = PBXGroup;
			children = (
			);
			name = Frameworks;
			sourceTree = "<group>";
		};
		C761720A2D50E43600D78B4F = {
			isa = PBXGroup;
			children = (
				C76172152D50E43600D78B4F /* Snag */,
				C7605CC12F77D81A0087B195 /* SnagCLI */,
				C7AA00010000000000000001 /* Shared */,
				C74B689F2D50F95800FCDEBA /* Frameworks */,
				C76172142D50E43600D78B4F /* Products */,
			);
			sourceTree = "<group>";
		};
		C76172142D50E43600D78B4F /* Products */ = {
			isa = PBXGroup;
			children = (
				C76172132D50E43600D78B4F /* Snag.app */,
				C7605CC02F77D81A0087B195 /* SnagCLI */,
			);
			name = Products;
			sourceTree = "<group>";
		};
/* End PBXGroup section */

/* Begin PBXNativeTarget section */
		C7605CBF2F77D81A0087B195 /* SnagCLI */ = {
			isa = PBXNativeTarget;
			buildConfigurationList = C7605CC42F77D81A0087B195 /* Build configuration list for PBXNativeTarget "SnagCLI" */;
			buildPhases = (
				C7605CBC2F77D81A0087B195 /* Sources */,
				C7605CBD2F77D81A0087B195 /* Frameworks */,
				C7605CBE2F77D81A0087B195 /* CopyFiles */,
			);
			buildRules = (
			);
			dependencies = (
			);
			fileSystemSynchronizedGroups = (
				C7605CC12F77D81A0087B195 /* SnagCLI */,
				C7AA00010000000000000001 /* Shared */,
			);
			name = SnagCLI;
			packageProductDependencies = (
				C7605CCF2F77E0000087B195 /* ArgumentParser */,
			);
			productName = SnagCLI;
			productReference = C7605CC02F77D81A0087B195 /* SnagCLI */;
			productType = "com.apple.product-type.tool";
		};
		C76172122D50E43600D78B4F /* Snag */ = {
			isa = PBXNativeTarget;
			buildConfigurationList = C76172222D50E43700D78B4F /* Build configuration list for PBXNativeTarget "Snag" */;
			buildPhases = (
				C761720F2D50E43600D78B4F /* Sources */,
				C76172102D50E43600D78B4F /* Frameworks */,
				C76172112D50E43600D78B4F /* Resources */,
				C7605CC72F77D86C0087B195 /* Copy CLI */,
			);
			buildRules = (
			);
			dependencies = (
			);
			fileSystemSynchronizedGroups = (
				C76172152D50E43600D78B4F /* Snag */,
				C7AA00010000000000000001 /* Shared */,
			);
			name = Snag;
			packageProductDependencies = (
				C76172282D50F5D000D78B4F /* Lowtech */,
				C761722A2D50F5D000D78B4F /* LowtechIndie */,
				C74B68A02D50F95800FCDEBA /* Ignore */,
				C7FE59F02D635D1500141592 /* ClopSDK */,
				AA11000000000000000000A2 /* Highlighter */,
				C7C2CDD22FDFE0B6005EC019 /* KeyboardShortcuts */,
			);
			productName = Snag;
			productReference = C76172132D50E43600D78B4F /* Snag.app */;
			productType = "com.apple.product-type.application";
		};
/* End PBXNativeTarget section */

/* Begin PBXProject section */
		C761720B2D50E43600D78B4F /* Project object */ = {
			isa = PBXProject;
			attributes = {
				BuildIndependentTargetsInParallel = 1;
				LastSwiftUpdateCheck = 2640;
				LastUpgradeCheck = 2640;
				TargetAttributes = {
					C7605CBF2F77D81A0087B195 = {
						CreatedOnToolsVersion = 26.4;
					};
					C76172122D50E43600D78B4F = {
						CreatedOnToolsVersion = 16.2;
					};
				};
			};
			buildConfigurationList = C761720E2D50E43600D78B4F /* Build configuration list for PBXProject "Snag" */;
			developmentRegion = en;
			hasScannedForEncodings = 0;
			knownRegions = (
				en,
				Base,
			);
			mainGroup = C761720A2D50E43600D78B4F;
			minimizedProjectReferenceProxies = 1;
			packageReferences = (
				C7605CCE2F77E0000087B195 /* XCRemoteSwiftPackageReference "swift-argument-parser" */,
				C76172272D50F5D000D78B4F /* XCRemoteSwiftPackageReference "Lowtech" */,
				C76172332D50F8B100D78B4F /* XCRemoteSwiftPackageReference "swift-ignore" */,
				C7FE59EF2D635CDC00141592 /* XCRemoteSwiftPackageReference "ClopSDK" */,
				AA11000000000000000000A1 /* XCRemoteSwiftPackageReference "HighlighterSwift" */,
				C7C2CDD12FDFE0B6005EC01A /* XCLocalSwiftPackageReference "Vendor/KeyboardShortcuts" */,
			);
			preferredProjectObjectVersion = 77;
			productRefGroup = C76172142D50E43600D78B4F /* Products */;
			projectDirPath = "";
			projectRoot = "";
			targets = (
				C76172122D50E43600D78B4F /* Snag */,
				C7605CBF2F77D81A0087B195 /* SnagCLI */,
			);
		};
/* End PBXProject section */

/* Begin PBXResourcesBuildPhase section */
		C76172112D50E43600D78B4F /* Resources */ = {
			isa = PBXResourcesBuildPhase;
			buildActionMask = 2147483647;
			files = (
			);
			runOnlyForDeploymentPostprocessing = 0;
		};
/* End PBXResourcesBuildPhase section */

/* Begin PBXSourcesBuildPhase section */
		C7605CBC2F77D81A0087B195 /* Sources */ = {
			isa = PBXSourcesBuildPhase;
			buildActionMask = 2147483647;
			files = (
			);
			runOnlyForDeploymentPostprocessing = 0;
		};
		C761720F2D50E43600D78B4F /* Sources */ = {
			isa = PBXSourcesBuildPhase;
			buildActionMask = 2147483647;
			files = (
			);
			runOnlyForDeploymentPostprocessing = 0;
		};
/* End PBXSourcesBuildPhase section */

/* Begin XCBuildConfiguration section */
		C7605CC52F77D81A0087B195 /* Debug */ = {
			isa = XCBuildConfiguration;
			buildSettings = {
				CODE_SIGN_ENTITLEMENTS = SnagCLI/SnagCLI.entitlements;
				"CODE_SIGN_IDENTITY[sdk=macosx*]" = "-";
				CODE_SIGN_STYLE = Manual;
				DEVELOPMENT_TEAM = "";
				"DEVELOPMENT_TEAM[sdk=macosx*]" = "";
				ENABLE_HARDENED_RUNTIME = YES;
				MACOSX_DEPLOYMENT_TARGET = 14.0;
				PRODUCT_BUNDLE_IDENTIFIER = com.santino.SnagCLI.debug;
				PRODUCT_NAME = "$(TARGET_NAME)";
				PROVISIONING_PROFILE_SPECIFIER = "";
				SKIP_INSTALL = YES;
				SWIFT_APPROACHABLE_CONCURRENCY = YES;
				SWIFT_UPCOMING_FEATURE_MEMBER_IMPORT_VISIBILITY = YES;
				SWIFT_VERSION = 5.0;
			};
			name = Debug;
		};
		C7605CC62F77D81A0087B195 /* Release */ = {
			isa = XCBuildConfiguration;
			buildSettings = {
				SWIFT_OPTIMIZATION_LEVEL = "-O";
				CODE_SIGN_ENTITLEMENTS = SnagCLI/SnagCLI.entitlements;
				"CODE_SIGN_IDENTITY[sdk=macosx*]" = "-";
				CODE_SIGN_STYLE = Manual;
				DEVELOPMENT_TEAM = "";
				"DEVELOPMENT_TEAM[sdk=macosx*]" = "";
				ENABLE_HARDENED_RUNTIME = YES;
				MACOSX_DEPLOYMENT_TARGET = 14.0;
				PRODUCT_BUNDLE_IDENTIFIER = com.santino.SnagCLI;
				PRODUCT_NAME = "$(TARGET_NAME)";
				PROVISIONING_PROFILE_SPECIFIER = "";
				SKIP_INSTALL = YES;
				SWIFT_APPROACHABLE_CONCURRENCY = YES;
				SWIFT_UPCOMING_FEATURE_MEMBER_IMPORT_VISIBILITY = YES;
				SWIFT_VERSION = 5.0;
			};
			name = Release;
		};
		C76172202D50E43700D78B4F /* Debug */ = {
			isa = XCBuildConfiguration;
			buildSettings = {
				ALWAYS_SEARCH_USER_PATHS = NO;
				ASSETCATALOG_COMPILER_GENERATE_SWIFT_ASSET_SYMBOL_EXTENSIONS = YES;
				CLANG_ANALYZER_NONNULL = YES;
				CLANG_ANALYZER_NUMBER_OBJECT_CONVERSION = YES_AGGRESSIVE;
				CLANG_CXX_LANGUAGE_STANDARD = "gnu++20";
				CLANG_ENABLE_MODULES = YES;
				CLANG_ENABLE_OBJC_ARC = YES;
				CLANG_ENABLE_OBJC_WEAK = YES;
				CLANG_WARN_BLOCK_CAPTURE_AUTORELEASING = YES;
				CLANG_WARN_BOOL_CONVERSION = YES;
				CLANG_WARN_COMMA = YES;
				CLANG_WARN_CONSTANT_CONVERSION = YES;
				CLANG_WARN_DEPRECATED_OBJC_IMPLEMENTATIONS = YES;
				CLANG_WARN_DIRECT_OBJC_ISA_USAGE = YES_ERROR;
				CLANG_WARN_DOCUMENTATION_COMMENTS = YES;
				CLANG_WARN_EMPTY_BODY = YES;
				CLANG_WARN_ENUM_CONVERSION = YES;
				CLANG_WARN_INFINITE_RECURSION = YES;
				CLANG_WARN_INT_CONVERSION = YES;
				CLANG_WARN_NON_LITERAL_NULL_CONVERSION = YES;
				CLANG_WARN_OBJC_IMPLICIT_RETAIN_SELF = YES;
				CLANG_WARN_OBJC_LITERAL_CONVERSION = YES;
				CLANG_WARN_OBJC_ROOT_CLASS = YES_ERROR;
				CLANG_WARN_QUOTED_INCLUDE_IN_FRAMEWORK_HEADER = YES;
				CLANG_WARN_RANGE_LOOP_ANALYSIS = YES;
				CLANG_WARN_STRICT_PROTOTYPES = YES;
				CLANG_WARN_SUSPICIOUS_MOVE = YES;
				CLANG_WARN_UNGUARDED_AVAILABILITY = YES_AGGRESSIVE;
				CLANG_WARN_UNREACHABLE_CODE = YES;
				CLANG_WARN__DUPLICATE_METHOD_MATCH = YES;
				COPY_PHASE_STRIP = NO;
				DEAD_CODE_STRIPPING = YES;
				DEBUG_INFORMATION_FORMAT = dwarf;
				DEVELOPMENT_TEAM = "";
				ENABLE_STRICT_OBJC_MSGSEND = YES;
				ENABLE_TESTABILITY = YES;
				ENABLE_USER_SCRIPT_SANDBOXING = YES;
				GCC_C_LANGUAGE_STANDARD = gnu17;
				GCC_DYNAMIC_NO_PIC = NO;
				GCC_NO_COMMON_BLOCKS = YES;
				GCC_OPTIMIZATION_LEVEL = 0;
				GCC_PREPROCESSOR_DEFINITIONS = (
					"DEBUG=1",
					"$(inherited)",
				);
				GCC_WARN_64_TO_32_BIT_CONVERSION = YES;
				GCC_WARN_ABOUT_RETURN_TYPE = YES_ERROR;
				GCC_WARN_UNDECLARED_SELECTOR = YES;
				GCC_WARN_UNINITIALIZED_AUTOS = YES_AGGRESSIVE;
				GCC_WARN_UNUSED_FUNCTION = YES;
				GCC_WARN_UNUSED_VARIABLE = YES;
				LOCALIZATION_PREFERS_STRING_CATALOGS = YES;
				MACOSX_DEPLOYMENT_TARGET = 15.2;
				MTL_ENABLE_DEBUG_INFO = INCLUDE_SOURCE;
				MTL_FAST_MATH = YES;
				ONLY_ACTIVE_ARCH = YES;
				SDKROOT = macosx;
				STRING_CATALOG_GENERATE_SYMBOLS = YES;
				SWIFT_ACTIVE_COMPILATION_CONDITIONS = "DEBUG $(inherited)";
				SWIFT_OPTIMIZATION_LEVEL = "-Onone";
			};
			name = Debug;
		};
		C76172212D50E43700D78B4F /* Release */ = {
			isa = XCBuildConfiguration;
			buildSettings = {
				SWIFT_OPTIMIZATION_LEVEL = "-Onone";
				ALWAYS_SEARCH_USER_PATHS = NO;
				ASSETCATALOG_COMPILER_GENERATE_SWIFT_ASSET_SYMBOL_EXTENSIONS = YES;
				CLANG_ANALYZER_NONNULL = YES;
				CLANG_ANALYZER_NUMBER_OBJECT_CONVERSION = YES_AGGRESSIVE;
				CLANG_CXX_LANGUAGE_STANDARD = "gnu++20";
				CLANG_ENABLE_MODULES = YES;
				CLANG_ENABLE_OBJC_ARC = YES;
				CLANG_ENABLE_OBJC_WEAK = YES;
				CLANG_WARN_BLOCK_CAPTURE_AUTORELEASING = YES;
				CLANG_WARN_BOOL_CONVERSION = YES;
				CLANG_WARN_COMMA = YES;
				CLANG_WARN_CONSTANT_CONVERSION = YES;
				CLANG_WARN_DEPRECATED_OBJC_IMPLEMENTATIONS = YES;
				CLANG_WARN_DIRECT_OBJC_ISA_USAGE = YES_ERROR;
				CLANG_WARN_DOCUMENTATION_COMMENTS = YES;
				CLANG_WARN_EMPTY_BODY = YES;
				CLANG_WARN_ENUM_CONVERSION = YES;
				CLANG_WARN_INFINITE_RECURSION = YES;
				CLANG_WARN_INT_CONVERSION = YES;
				CLANG_WARN_NON_LITERAL_NULL_CONVERSION = YES;
				CLANG_WARN_OBJC_IMPLICIT_RETAIN_SELF = YES;
				CLANG_WARN_OBJC_LITERAL_CONVERSION = YES;
				CLANG_WARN_OBJC_ROOT_CLASS = YES_ERROR;
				CLANG_WARN_QUOTED_INCLUDE_IN_FRAMEWORK_HEADER = YES;
				CLANG_WARN_RANGE_LOOP_ANALYSIS = YES;
				CLANG_WARN_STRICT_PROTOTYPES = YES;
				CLANG_WARN_SUSPICIOUS_MOVE = YES;
				CLANG_WARN_UNGUARDED_AVAILABILITY = YES_AGGRESSIVE;
				CLANG_WARN_UNREACHABLE_CODE = YES;
				CLANG_WARN__DUPLICATE_METHOD_MATCH = YES;
				COPY_PHASE_STRIP = YES;
				DEAD_CODE_STRIPPING = YES;
				DEBUG_INFORMATION_FORMAT = "dwarf-with-dsym";
				DEPLOYMENT_POSTPROCESSING = YES;
				DEVELOPMENT_TEAM = "";
				ENABLE_NS_ASSERTIONS = NO;
				ENABLE_STRICT_OBJC_MSGSEND = YES;
				ENABLE_USER_SCRIPT_SANDBOXING = YES;
				GCC_C_LANGUAGE_STANDARD = gnu17;
				GCC_NO_COMMON_BLOCKS = YES;
				GCC_WARN_64_TO_32_BIT_CONVERSION = YES;
				GCC_WARN_ABOUT_RETURN_TYPE = YES_ERROR;
				GCC_WARN_UNDECLARED_SELECTOR = YES;
				GCC_WARN_UNINITIALIZED_AUTOS = YES_AGGRESSIVE;
				GCC_WARN_UNUSED_FUNCTION = YES;
				GCC_WARN_UNUSED_VARIABLE = YES;
				LOCALIZATION_PREFERS_STRING_CATALOGS = YES;
				MACOSX_DEPLOYMENT_TARGET = 15.2;
				MTL_ENABLE_DEBUG_INFO = NO;
				MTL_FAST_MATH = YES;
				SDKROOT = macosx;
				STRING_CATALOG_GENERATE_SYMBOLS = YES;
				SWIFT_COMPILATION_MODE = wholemodule;
			};
			name = Release;
		};
		C76172232D50E43700D78B4F /* Debug */ = {
			isa = XCBuildConfiguration;
			buildSettings = {
				ASSETCATALOG_COMPILER_APPICON_NAME = AppIcon;
				ASSETCATALOG_COMPILER_GLOBAL_ACCENT_COLOR_NAME = AccentColor;
				CODE_SIGN_ENTITLEMENTS = Snag/Snag.entitlements;
				"CODE_SIGN_IDENTITY[sdk=macosx*]" = "-";
				CODE_SIGN_STYLE = Manual;
				COMBINE_HIDPI_IMAGES = YES;
				CURRENT_PROJECT_VERSION = 2.6.10;
				DEAD_CODE_STRIPPING = YES;
				DEVELOPMENT_ASSET_PATHS = "\"Snag/Preview Content\"";
				DEVELOPMENT_TEAM = "";
				"DEVELOPMENT_TEAM[sdk=macosx*]" = "";
				ENABLE_HARDENED_RUNTIME = YES;
				ENABLE_PREVIEWS = YES;
				GENERATE_INFOPLIST_FILE = YES;
				INFOPLIST_FILE = Snag/Info.plist;
				INFOPLIST_KEY_CFBundleDisplayName = Snag;
				INFOPLIST_KEY_LSApplicationCategoryType = "public.app-category.utilities";
				INFOPLIST_KEY_NSHumanReadableCopyright = "";
				LD_RUNPATH_SEARCH_PATHS = (
					"$(inherited)",
					"@executable_path/../Frameworks",
				);
				MACOSX_DEPLOYMENT_TARGET = 14.0;
				MARKETING_VERSION = 2.6.10;
				PRODUCT_BUNDLE_IDENTIFIER = com.santino.Snag.debug;
				PRODUCT_NAME = Snag;
				PROVISIONING_PROFILE_SPECIFIER = "";
				SWIFT_EMIT_LOC_STRINGS = YES;
				SWIFT_VERSION = 5.0;
			};
			name = Debug;
		};
		C76172242D50E43700D78B4F /* Release */ = {
			isa = XCBuildConfiguration;
			buildSettings = {
				SWIFT_OPTIMIZATION_LEVEL = "-O";
				ASSETCATALOG_COMPILER_APPICON_NAME = AppIcon;
				ASSETCATALOG_COMPILER_GLOBAL_ACCENT_COLOR_NAME = AccentColor;
				CODE_SIGN_ENTITLEMENTS = Snag/Snag.entitlements;
				"CODE_SIGN_IDENTITY[sdk=macosx*]" = "-";
				CODE_SIGN_STYLE = Manual;
				COMBINE_HIDPI_IMAGES = YES;
				CURRENT_PROJECT_VERSION = 2.6.10;
				DEAD_CODE_STRIPPING = YES;
				DEPLOYMENT_POSTPROCESSING = YES;
				DEVELOPMENT_ASSET_PATHS = "\"Snag/Preview Content\"";
				DEVELOPMENT_TEAM = "";
				"DEVELOPMENT_TEAM[sdk=macosx*]" = "";
				ENABLE_HARDENED_RUNTIME = YES;
				ENABLE_PREVIEWS = YES;
				GENERATE_INFOPLIST_FILE = YES;
				INFOPLIST_FILE = Snag/Info.plist;
				INFOPLIST_KEY_CFBundleDisplayName = Snag;
				INFOPLIST_KEY_LSApplicationCategoryType = "public.app-category.utilities";
				INFOPLIST_KEY_NSHumanReadableCopyright = "";
				LD_RUNPATH_SEARCH_PATHS = (
					"$(inherited)",
					"@executable_path/../Frameworks",
				);
				MACOSX_DEPLOYMENT_TARGET = 14.0;
				MARKETING_VERSION = 2.6.10;
				PRODUCT_BUNDLE_IDENTIFIER = com.santino.Snag;
				PRODUCT_NAME = Snag;
				PROVISIONING_PROFILE_SPECIFIER = "";
				STRIP_INSTALLED_PRODUCT = YES;
				STRIP_STYLE = "non-global";
				SWIFT_EMIT_LOC_STRINGS = YES;
				SWIFT_VERSION = 5.0;
			};
			name = Release;
		};
/* End XCBuildConfiguration section */

/* Begin XCConfigurationList section */
		C7605CC42F77D81A0087B195 /* Build configuration list for PBXNativeTarget "SnagCLI" */ = {
			isa = XCConfigurationList;
			buildConfigurations = (
				C7605CC52F77D81A0087B195 /* Debug */,
				C7605CC62F77D81A0087B195 /* Release */,
			);
			defaultConfigurationIsVisible = 0;
			defaultConfigurationName = Release;
		};
		C761720E2D50E43600D78B4F /* Build configuration list for PBXProject "Snag" */ = {
			isa = XCConfigurationList;
			buildConfigurations = (
				C76172202D50E43700D78B4F /* Debug */,
				C76172212D50E43700D78B4F /* Release */,
			);
			defaultConfigurationIsVisible = 0;
			defaultConfigurationName = Release;
		};
		C76172222D50E43700D78B4F /* Build configuration list for PBXNativeTarget "Snag" */ = {
			isa = XCConfigurationList;
			buildConfigurations = (
				C76172232D50E43700D78B4F /* Debug */,
				C76172242D50E43700D78B4F /* Release */,
			);
			defaultConfigurationIsVisible = 0;
			defaultConfigurationName = Release;
		};
/* End XCConfigurationList section */

/* Begin XCLocalSwiftPackageReference section */
		C7C2CDD12FDFE0B6005EC01A /* XCLocalSwiftPackageReference "Vendor/KeyboardShortcuts" */ = {
			isa = XCLocalSwiftPackageReference;
			relativePath = Vendor/KeyboardShortcuts;
		};
/* End XCLocalSwiftPackageReference section */

/* Begin XCRemoteSwiftPackageReference section */
		AA11000000000000000000A1 /* XCRemoteSwiftPackageReference "HighlighterSwift" */ = {
			isa = XCRemoteSwiftPackageReference;
			repositoryURL = "https://github.com/smittytone/HighlighterSwift";
			requirement = {
				kind = upToNextMajorVersion;
				minimumVersion = 3.1.0;
			};
		};
		C7605CCE2F77E0000087B195 /* XCRemoteSwiftPackageReference "swift-argument-parser" */ = {
			isa = XCRemoteSwiftPackageReference;
			repositoryURL = "https://github.com/apple/swift-argument-parser";
			requirement = {
				kind = upToNextMajorVersion;
				minimumVersion = 1.5.0;
			};
		};
		C76172272D50F5D000D78B4F /* XCRemoteSwiftPackageReference "Lowtech" */ = {
			isa = XCRemoteSwiftPackageReference;
			repositoryURL = "https://github.com/FuzzyIdeas/Lowtech";
			requirement = {
				branch = ventura;
				kind = branch;
			};
		};
		C76172332D50F8B100D78B4F /* XCRemoteSwiftPackageReference "swift-ignore" */ = {
			isa = XCRemoteSwiftPackageReference;
			repositoryURL = "https://github.com/alin23/swift-ignore";
			requirement = {
				kind = upToNextMajorVersion;
				minimumVersion = 1.0.0;
			};
		};
		C7FE59EF2D635CDC00141592 /* XCRemoteSwiftPackageReference "ClopSDK" */ = {
			isa = XCRemoteSwiftPackageReference;
			repositoryURL = "https://github.com/FuzzyIdeas/ClopSDK";
			requirement = {
				kind = upToNextMajorVersion;
				minimumVersion = 1.1.0;
			};
		};
/* End XCRemoteSwiftPackageReference section */

/* Begin XCSwiftPackageProductDependency section */
		AA11000000000000000000A2 /* Highlighter */ = {
			isa = XCSwiftPackageProductDependency;
			package = AA11000000000000000000A1 /* XCRemoteSwiftPackageReference "HighlighterSwift" */;
			productName = Highlighter;
		};
		C74B68A02D50F95800FCDEBA /* Ignore */ = {
			isa = XCSwiftPackageProductDependency;
			package = C76172332D50F8B100D78B4F /* XCRemoteSwiftPackageReference "swift-ignore" */;
			productName = Ignore;
		};
		C7605CCF2F77E0000087B195 /* ArgumentParser */ = {
			isa = XCSwiftPackageProductDependency;
			package = C7605CCE2F77E0000087B195 /* XCRemoteSwiftPackageReference "swift-argument-parser" */;
			productName = ArgumentParser;
		};
		C76172282D50F5D000D78B4F /* Lowtech */ = {
			isa = XCSwiftPackageProductDependency;
			package = C76172272D50F5D000D78B4F /* XCRemoteSwiftPackageReference "Lowtech" */;
			productName = Lowtech;
		};
		C761722A2D50F5D000D78B4F /* LowtechIndie */ = {
			isa = XCSwiftPackageProductDependency;
			package = C76172272D50F5D000D78B4F /* XCRemoteSwiftPackageReference "Lowtech" */;
			productName = LowtechIndie;
		};
		C7C2CDD22FDFE0B6005EC019 /* KeyboardShortcuts */ = {
			isa = XCSwiftPackageProductDependency;
			productName = KeyboardShortcuts;
		};
		C7FE59F02D635D1500141592 /* ClopSDK */ = {
			isa = XCSwiftPackageProductDependency;
			package = C7FE59EF2D635CDC00141592 /* XCRemoteSwiftPackageReference "ClopSDK" */;
			productName = ClopSDK;
		};
/* End XCSwiftPackageProductDependency section */
	};
	rootObject = C761720B2D50E43600D78B4F /* Project object */;
}
